// !$*UTF8*$!
{
	archiveVersion = 1;
	classes = {
	};
	objectVersion = 46;
	objects = {

/* Begin PBXBuildFile section */
		251B85D21D1660290002F0D6 /* AppDelegate.swift in Sources */ = {isa = PBXBuildFile; fileRef = 251B85D11D1660290002F0D6 /* AppDelegate.swift */; };
		251B85D41D1660290002F0D6 /* MainViewController.swift in Sources */ = {isa = PBXBuildFile; fileRef = 251B85D31D1660290002F0D6 /* MainViewController.swift */; };
		251B85EC1D16FE9F0002F0D6 /* Media.xcassets in Resources */ = {isa = PBXBuildFile; fileRef = 251B85EB1D16FE9F0002F0D6 /* Media.xcassets */; };
		251B85EE1D16FF020002F0D6 /* Launch Screen.storyboard in Resources */ = {isa = PBXBuildFile; fileRef = 251B85ED1D16FF020002F0D6 /* Launch Screen.storyboard */; };
		251B85F01D171DD60002F0D6 /* RecognizerViewController.swift in Sources */ = {isa = PBXBuildFile; fileRef = 251B85EF1D171DD60002F0D6 /* RecognizerViewController.swift */; };
		251B85F21D1746700002F0D6 /* Clarifai.swift in Sources */ = {isa = PBXBuildFile; fileRef = 251B85F11D1746700002F0D6 /* Clarifai.swift */; };
		251B85F51D17B2C80002F0D6 /* AFNetworking.framework in Frameworks */ = {isa = PBXBuildFile; fileRef = 251B85F31D17B2C80002F0D6 /* AFNetworking.framework */; };
/* End PBXBuildFile section */

/* Begin PBXFileReference section */
		251B85CE1D1660290002F0D6 /* Clarifai.app */ = {isa = PBXFileReference; explicitFileType = wrapper.application; includeInIndex = 0; path = Clarifai.app; sourceTree = BUILT_PRODUCTS_DIR; };
		251B85D11D1660290002F0D6 /* AppDelegate.swift */ = {isa = PBXFileReference; lastKnownFileType = sourcecode.swift; path = AppDelegate.swift; sourceTree = "<group>"; };
		251B85D31D1660290002F0D6 /* MainViewController.swift */ = {isa = PBXFileReference; lastKnownFileType = sourcecode.swift; path = MainViewController.swift; sourceTree = "<group>"; wrapsLines = 0; };
		251B85DD1D1660290002F0D6 /* Info.plist */ = {isa = PBXFileReference; lastKnownFileType = text.plist.xml; path = Info.plist; sourceTree = "<group>"; };
		251B85EB1D16FE9F0002F0D6 /* Media.xcassets */ = {isa = PBXFileReference; lastKnownFileType = folder.assetcatalog; path = Media.xcassets; sourceTree = "<group>"; };
		251B85ED1D16FF020002F0D6 /* Launch Screen.storyboard */ = {isa = PBXFileReference; fileEncoding = 4; lastKnownFileType = file.storyboard; path = "Launch Screen.storyboard"; sourceTree = "<group>"; };
		251B85EF1D171DD60002F0D6 /* RecognizerViewController.swift */ = {isa = PBXFileReference; fileEncoding = 4; lastKnownFileType = sourcecode.swift; path = RecognizerViewController.swift; sourceTree = "<group>"; wrapsLines = 0; };
		251B85F11D1746700002F0D6 /* Clarifai.swift */ = {isa = PBXFileReference; fileEncoding = 4; lastKnownFileType = sourcecode.swift; path = Clarifai.swift; sourceTree = "<group>"; wrapsLines = 0; };
		251B85F31D17B2C80002F0D6 /* AFNetworking.framework */ = {isa = PBXFileReference; lastKnownFileType = wrapper.framework; name = AFNetworking.framework; path = Carthage/Build/iOS/AFNetworking.framework; sourceTree = "<group>"; };
/* End PBXFileReference section */

/* Begin PBXFrameworksBuildPhase section */
		251B85CB1D1660290002F0D6 /* Frameworks */ = {
			isa = PBXFrameworksBuildPhase;
			buildActionMask = 2147483647;
			files = (
				251B85F51D17B2C80002F0D6 /* AFNetworking.framework in Frameworks */,
			);
			runOnlyForDeploymentPostprocessing = 0;
		};
/* End PBXFrameworksBuildPhase section */

/* Begin PBXGroup section */
		251B85C51D1660290002F0D6 = {
			isa = PBXGroup;
			children = (
				251B85F31D17B2C80002F0D6 /* AFNetworking.framework */,
				251B85D01D1660290002F0D6 /* Clarifai */,
				251B85CF1D1660290002F0D6 /* Products */,
			);
			sourceTree = "<group>";
		};
		251B85CF1D1660290002F0D6 /* Products */ = {
			isa = PBXGroup;
			children = (
				251B85CE1D1660290002F0D6 /* Clarifai.app */,
			);
			name = Products;
			sourceTree = "<group>";
		};
		251B85D01D1660290002F0D6 /* Clarifai */ = {
			isa = PBXGroup;
			children = (
				251B85D11D1660290002F0D6 /* AppDelegate.swift */,
				251B85D31D1660290002F0D6 /* MainViewController.swift */,
				251B85EF1D171DD60002F0D6 /* RecognizerViewController.swift */,
				251B85F11D1746700002F0D6 /* Clarifai.swift */,
				251B85DD1D1660290002F0D6 /* Info.plist */,
				251B85EB1D16FE9F0002F0D6 /* Media.xcassets */,
				251B85ED1D16FF020002F0D6 /* Launch Screen.storyboard */,
			);
			path = Clarifai;
			sourceTree = "<group>";
		};
/* End PBXGroup section */

/* Begin PBXNativeTarget section */
		251B85CD1D1660290002F0D6 /* Clarifai */ = {
			isa = PBXNativeTarget;
			buildConfigurationList = 251B85E01D1660290002F0D6 /* Build configuration list for PBXNativeTarget "Clarifai" */;
			buildPhases = (
				251B85CA1D1660290002F0D6 /* Sources */,
				251B85CB1D1660290002F0D6 /* Frameworks */,
				251B85CC1D1660290002F0D6 /* Resources */,
				251B85F71D17B3190002F0D6 /* ShellScript */,
			);
			buildRules = (
			);
			dependencies = (
			);
			name = Clarifai;
			productName = Clarifai;
			productReference = 251B85CE1D1660290002F0D6 /* Clarifai.app */;
			productType = "com.apple.product-type.application";
		};
/* End PBXNativeTarget section */

/* Begin PBXProject section */
		251B85C61D1660290002F0D6 /* Project object */ = {
			isa = PBXProject;
			attributes = {
				LastSwiftUpdateCheck = 0730;
				LastUpgradeCheck = 0730;
				ORGANIZATIONNAME = "Jody Heavener";
				TargetAttributes = {
					251B85CD1D1660290002F0D6 = {
						CreatedOnToolsVersion = 7.3.1;
					};
				};
			};
			buildConfigurationList = 251B85C91D1660290002F0D6 /* Build configuration list for PBXProject "Clarifai" */;
			compatibilityVersion = "Xcode 3.2";
			developmentRegion = English;
			hasScannedForEncodings = 0;
			knownRegions = (
				en,
				Base,
			);
			mainGroup = 251B85C51D1660290002F0D6;
			productRefGroup = 251B85CF1D1660290002F0D6 /* Products */;
			projectDirPath = "";
			projectRoot = "";
			targets = (
				251B85CD1D1660290002F0D6 /* Clarifai */,
			);
		};
/* End PBXProject section */

/* Begin PBXResourcesBuildPhase section */
		251B85CC1D1660290002F0D6 /* Resources */ = {
			isa = PBXResourcesBuildPhase;
			buildActionMask = 2147483647;
			files = (
				251B85EE1D16FF020002F0D6 /* Launch Screen.storyboard in Resources */,
				251B85EC1D16FE9F0002F0D6 /* Media.xcassets in Resources */,
			);
			runOnlyForDeploymentPostprocessing = 0;
		};
/* End PBXResourcesBuildPhase section */

/* Begin PBXShellScriptBuildPhase section */
		251B85F71D17B3190002F0D6 /* ShellScript */ = {
			isa = PBXShellScriptBuildPhase;
			buildActionMask = 2147483647;
			files = (
			);
			inputPaths = (
				"$(SRCROOT)/Carthage/Build/iOS/AFNetworking.framework",
			);
			outputPaths = (
			);
			runOnlyForDeploymentPostprocessing = 0;
			shellPath = /bin/sh;
			shellScript = "/usr/local/bin/carthage copy-frameworks";
		};
/* End PBXShellScriptBuildPhase section */

/* Begin PBXSourcesBuildPhase section */
		251B85CA1D1660290002F0D6 /* Sources */ = {
			isa = PBXSourcesBuildPhase;
			buildActionMask = 2147483647;
			files = (
				251B85F21D1746700002F0D6 /* Clarifai.swift in Sources */,
				251B85F01D171DD60002F0D6 /* RecognizerViewController.swift in Sources */,
				251B85D41D1660290002F0D6 /* MainViewController.swift in Sources */,
				251B85D21D1660290002F0D6 /* AppDelegate.swift in Sources */,
			);
			runOnlyForDeploymentPostprocessing = 0;
		};
/* End PBXSourcesBuildPhase section */

/* Begin XCBuildConfiguration section */
		251B85DE1D1660290002F0D6 /* Debug */ = {
			isa = XCBuildConfiguration;
			buildSettings = {
				ALWAYS_SEARCH_USER_PATHS = NO;
				CLANG_ANALYZER_NONNULL = YES;
				CLANG_CXX_LANGUAGE_STANDARD = "gnu++0x";
				CLANG_CXX_LIBRARY = "libc++";
				CLANG_ENABLE_MODULES = YES;
				CLANG_ENABLE_OBJC_ARC = YES;
				CLANG_WARN_BOOL_CONVERSION = YES;
				CLANG_WARN_CONSTANT_CONVERSION = YES;
				CLANG_WARN_DIRECT_OBJC_ISA_USAGE = YES_ERROR;
				CLANG_WARN_EMPTY_BODY = YES;
				CLANG_WARN_ENUM_CONVERSION = YES;
				CLANG_WARN_INT_CONVERSION = YES;
				CLANG_WARN_OBJC_ROOT_CLASS = YES_ERROR;
				CLANG_WARN_UNREACHABLE_CODE = YES;
				CLANG_WARN__DUPLICATE_METHOD_MATCH = YES;
				"CODE_SIGN_IDENTITY[sdk=iphoneos*]" = "iPhone Developer";
				COPY_PHASE_STRIP = NO;
				DEBUG_INFORMATION_FORMAT = dwarf;
				ENABLE_STRICT_OBJC_MSGSEND = YES;
				ENABLE_TESTABILITY = YES;
				GCC_C_LANGUAGE_STANDARD = gnu99;
				GCC_DYNAMIC_NO_PIC = NO;
				GCC_NO_COMMON_BLOCKS = YES;
				GCC_OPTIMIZATION_LEVEL = 0;
				GCC_PREPROCESSOR_DEFINITIONS = (
					"DEBUG=1",
					"$(inherited)",
				);
				GCC_WARN_64_TO_32_BIT_CONVERSION = YES;
				GCC_WARN_ABOUT_RETURN_TYPE = YES_ERROR;
				GCC_WARN_UNDECLARED_SELECTOR = YES;
				GCC_WARN_UNINITIALIZED_AUTOS = YES_AGGRESSIVE;
				GCC_WARN_UNUSED_FUNCTION = YES;
				GCC_WARN_UNUSED_VARIABLE = YES;
				IPHONEOS_DEPLOYMENT_TARGET = 9.3;
				MTL_ENABLE_DEBUG_INFO = YES;
				ONLY_ACTIVE_ARCH = YES;
				SDKROOT = iphoneos;
				SWIFT_OPTIMIZATION_LEVEL = "-Onone";
			};
			name = Debug;
		};
		251B85DF1D1660290002F0D6 /* Release */ = {
			isa = XCBuildConfiguration;
			buildSettings = {
				ALWAYS_SEARCH_USER_PATHS = NO;
				CLANG_ANALYZER_NONNULL = YES;
				CLANG_CXX_LANGUAGE_STANDARD = "gnu++0x";
				CLANG_CXX_LIBRARY = "libc++";
				CLANG_ENABLE_MODULES = YES;
				CLANG_ENABLE_OBJC_ARC = YES;
				CLANG_WARN_BOOL_CONVERSION = YES;
				CLANG_WARN_CONSTANT_CONVERSION = YES;
				CLANG_WARN_DIRECT_OBJC_ISA_USAGE = YES_ERROR;
				CLANG_WARN_EMPTY_BODY = YES;
				CLANG_WARN_ENUM_CONVERSION = YES;
				CLANG_WARN_INT_CONVERSION = YES;
				CLANG_WARN_OBJC_ROOT_CLASS = YES_ERROR;
				CLANG_WARN_UNREACHABLE_CODE = YES;
				CLANG_WARN__DUPLICATE_METHOD_MATCH = YES;
				"CODE_SIGN_IDENTITY[sdk=iphoneos*]" = "iPhone Developer";
				COPY_PHASE_STRIP = NO;
				DEBUG_INFORMATION_FORMAT = "dwarf-with-dsym";
				ENABLE_NS_ASSERTIONS = NO;
				ENABLE_STRICT_OBJC_MSGSEND = YES;
				GCC_C_LANGUAGE_STANDARD = gnu99;
				GCC_NO_COMMON_BLOCKS = YES;
				GCC_WARN_64_TO_32_BIT_CONVERSION = YES;
				GCC_WARN_ABOUT_RETURN_TYPE = YES_ERROR;
				GCC_WARN_UNDECLARED_SELECTOR = YES;
				GCC_WARN_UNINITIALIZED_AUTOS = YES_AGGRESSIVE;
				GCC_WARN_UNUSED_FUNCTION = YES;
				GCC_WARN_UNUSED_VARIABLE = YES;
				IPHONEOS_DEPLOYMENT_TARGET = 9.3;
				MTL_ENABLE_DEBUG_INFO = NO;
				SDKROOT = iphoneos;
				VALIDATE_PRODUCT = YES;
			};
			name = Release;
		};
		251B85E11D1660290002F0D6 /* Debug */ = {
			isa = XCBuildConfiguration;
			buildSettings = {
				FRAMEWORK_SEARCH_PATHS = (
					"$(inherited)",
					"$(PROJECT_DIR)/Carthage/Build/iOS",
				);
				INFOPLIST_FILE = Clarifai/Info.plist;
				LD_RUNPATH_SEARCH_PATHS = "$(inherited) @executable_path/Frameworks";
				PRODUCT_BUNDLE_IDENTIFIER = com.jodyheavener.Clarifai;
				PRODUCT_NAME = "$(TARGET_NAME)";
			};
			name = Debug;
		};
		251B85E21D1660290002F0D6 /* Release */ = {
			isa = XCBuildConfiguration;
			buildSettings = {
				FRAMEWORK_SEARCH_PATHS = (
					"$(inherited)",
					"$(PROJECT_DIR)/Carthage/Build/iOS",
				);
				INFOPLIST_FILE = Clarifai/Info.plist;
				LD_RUNPATH_SEARCH_PATHS = "$(inherited) @executable_path/Frameworks";
				PRODUCT_BUNDLE_IDENTIFIER = com.jodyheavener.Clarifai;
				PRODUCT_NAME = "$(TARGET_NAME)";
			};
			name = Release;
		};
/* End XCBuildConfiguration section */

/* Begin XCConfigurationList section */
		251B85C91D1660290002F0D6 /* Build configuration list for PBXProject "Clarifai" */ = {
			isa = XCConfigurationList;
			buildConfigurations = (
				251B85DE1D1660290002F0D6 /* Debug */,
				251B85DF1D1660290002F0D6 /* Release */,
			);
			defaultConfigurationIsVisible = 0;
			defaultConfigurationName = Release;
		};
		251B85E01D1660290002F0D6 /* Build configuration list for PBXNativeTarget "Clarifai" */ = {
			isa = XCConfigurationList;
			buildConfigurations = (
				251B85E11D1660290002F0D6 /* Debug */,
				251B85E21D1660290002F0D6 /* Release */,
			);
			defaultConfigurationIsVisible = 0;
			defaultConfigurationName = Release;
		};
/* End XCConfigurationList section */
	};
	rootObject = 251B85C61D1660290002F0D6 /* Project object */;
}
